// !$*UTF8*$!
{
	archiveVersion = 1;
	classes = {
	};
	objectVersion = 55;
	objects = {

/* Begin PBXBuildFile section */
		11311695289D804200FC0DB1 /* SettingViewController.swift in Sources */ = {isa = PBXBuildFile; fileRef = 11311694289D804200FC0DB1 /* SettingViewController.swift */; };
		11311699289E2D6B00FC0DB1 /* MainTableViewCell.swift in Sources */ = {isa = PBXBuildFile; fileRef = 11311698289E2D6B00FC0DB1 /* MainTableViewCell.swift */; };
		1131169B289E550400FC0DB1 /* MyPageViewController.swift in Sources */ = {isa = PBXBuildFile; fileRef = 1131169A289E550400FC0DB1 /* MyPageViewController.swift */; };
		1131169D289E9C5500FC0DB1 /* ShowIMGViewController.swift in Sources */ = {isa = PBXBuildFile; fileRef = 1131169C289E9C5500FC0DB1 /* ShowIMGViewController.swift */; };
		115655AB289F390C00AF4F96 /* SelectViewController.swift in Sources */ = {isa = PBXBuildFile; fileRef = 115655AA289F390C00AF4F96 /* SelectViewController.swift */; };
		1180A367289F61D100437CDE /* APIConstans.swift in Sources */ = {isa = PBXBuildFile; fileRef = 1180A366289F61D100437CDE /* APIConstans.swift */; };
		1180A369289F64AE00437CDE /* APIServer.swift in Sources */ = {isa = PBXBuildFile; fileRef = 1180A368289F64AE00437CDE /* APIServer.swift */; };
		11A025EC2896B1FE00715CBB /* AppDelegate.swift in Sources */ = {isa = PBXBuildFile; fileRef = 11A025EB2896B1FE00715CBB /* AppDelegate.swift */; };
		11A025EE2896B1FE00715CBB /* SceneDelegate.swift in Sources */ = {isa = PBXBuildFile; fileRef = 11A025ED2896B1FE00715CBB /* SceneDelegate.swift */; };
		11A025F02896B1FE00715CBB /* ViewController.swift in Sources */ = {isa = PBXBuildFile; fileRef = 11A025EF2896B1FE00715CBB /* ViewController.swift */; };
		11A025F32896B1FE00715CBB /* Main.storyboard in Resources */ = {isa = PBXBuildFile; fileRef = 11A025F12896B1FE00715CBB /* Main.storyboard */; };
		11A025F52896B1FF00715CBB /* Assets.xcassets in Resources */ = {isa = PBXBuildFile; fileRef = 11A025F42896B1FF00715CBB /* Assets.xcassets */; };
		11A025F82896B1FF00715CBB /* LaunchScreen.storyboard in Resources */ = {isa = PBXBuildFile; fileRef = 11A025F62896B1FF00715CBB /* LaunchScreen.storyboard */; };
/* End PBXBuildFile section */

/* Begin PBXFileReference section */
		11311694289D804200FC0DB1 /* SettingViewController.swift */ = {isa = PBXFileReference; lastKnownFileType = sourcecode.swift; path = SettingViewController.swift; sourceTree = "<group>"; };
		11311698289E2D6B00FC0DB1 /* MainTableViewCell.swift */ = {isa = PBXFileReference; lastKnownFileType = sourcecode.swift; path = MainTableViewCell.swift; sourceTree = "<group>"; };
		1131169A289E550400FC0DB1 /* MyPageViewController.swift */ = {isa = PBXFileReference; lastKnownFileType = sourcecode.swift; path = MyPageViewController.swift; sourceTree = "<group>"; };
		1131169C289E9C5500FC0DB1 /* ShowIMGViewController.swift */ = {isa = PBXFileReference; lastKnownFileType = sourcecode.swift; path = ShowIMGViewController.swift; sourceTree = "<group>"; };
		115655AA289F390C00AF4F96 /* SelectViewController.swift */ = {isa = PBXFileReference; lastKnownFileType = sourcecode.swift; path = SelectViewController.swift; sourceTree = "<group>"; };
		1180A366289F61D100437CDE /* APIConstans.swift */ = {isa = PBXFileReference; lastKnownFileType = sourcecode.swift; path = APIConstans.swift; sourceTree = "<group>"; };
		1180A368289F64AE00437CDE /* APIServer.swift */ = {isa = PBXFileReference; lastKnownFileType = sourcecode.swift; path = APIServer.swift; sourceTree = "<group>"; };
		11A025E82896B1FE00715CBB /* Clming.app */ = {isa = PBXFileReference; explicitFileType = wrapper.application; includeInIndex = 0; path = Clming.app; sourceTree = BUILT_PRODUCTS_DIR; };
		11A025EB2896B1FE00715CBB /* AppDelegate.swift */ = {isa = PBXFileReference; lastKnownFileType = sourcecode.swift; path = AppDelegate.swift; sourceTree = "<group>"; };
		11A025ED2896B1FE00715CBB /* SceneDelegate.swift */ = {isa = PBXFileReference; lastKnownFileType = sourcecode.swift; path = SceneDelegate.swift; sourceTree = "<group>"; };
		11A025EF2896B1FE00715CBB /* ViewController.swift */ = {isa = PBXFileReference; lastKnownFileType = sourcecode.swift; path = ViewController.swift; sourceTree = "<group>"; };
		11A025F22896B1FE00715CBB /* Base */ = {isa = PBXFileReference; lastKnownFileType = file.storyboard; name = Base; path = Base.lproj/Main.storyboard; sourceTree = "<group>"; };
		11A025F42896B1FF00715CBB /* Assets.xcassets */ = {isa = PBXFileReference; lastKnownFileType = folder.assetcatalog; path = Assets.xcassets; sourceTree = "<group>"; };
		11A025F72896B1FF00715CBB /* Base */ = {isa = PBXFileReference; lastKnownFileType = file.storyboard; name = Base; path = Base.lproj/LaunchScreen.storyboard; sourceTree = "<group>"; };
		11A025F92896B1FF00715CBB /* Info.plist */ = {isa = PBXFileReference; lastKnownFileType = text.plist.xml; path = Info.plist; sourceTree = "<group>"; };
/* End PBXFileReference section */

/* Begin PBXFrameworksBuildPhase section */
		11A025E52896B1FE00715CBB /* Frameworks */ = {
			isa = PBXFrameworksBuildPhase;
			buildActionMask = 2147483647;
			files = (
			);
			runOnlyForDeploymentPostprocessing = 0;
		};
/* End PBXFrameworksBuildPhase section */

/* Begin PBXGroup section */
		11850C8828C31DDB002DD97D /* Home */ = {
			isa = PBXGroup;
			children = (
				1131169C289E9C5500FC0DB1 /* ShowIMGViewController.swift */,
			);
			path = Home;
			sourceTree = "<group>";
		};
		11850C8928C31E20002DD97D /* Setting */ = {
			isa = PBXGroup;
			children = (
				11311694289D804200FC0DB1 /* SettingViewController.swift */,
			);
			path = Setting;
			sourceTree = "<group>";
		};
		11850C8A28C31E4D002DD97D /* Main */ = {
			isa = PBXGroup;
			children = (
				11A025EF2896B1FE00715CBB /* ViewController.swift */,
				11311698289E2D6B00FC0DB1 /* MainTableViewCell.swift */,
			);
			path = Main;
			sourceTree = "<group>";
		};
		11850C8B28C31EC7002DD97D /* MyPage */ = {
			isa = PBXGroup;
			children = (
				1131169A289E550400FC0DB1 /* MyPageViewController.swift */,
			);
			path = MyPage;
			sourceTree = "<group>";
		};
		11A025DF2896B1FE00715CBB = {
			isa = PBXGroup;
			children = (
				11A025EA2896B1FE00715CBB /* Clming */,
				11A025E92896B1FE00715CBB /* Products */,
			);
			sourceTree = "<group>";
		};
		11A025E92896B1FE00715CBB /* Products */ = {
			isa = PBXGroup;
			children = (
				11A025E82896B1FE00715CBB /* Clming.app */,
			);
			name = Products;
			sourceTree = "<group>";
		};
		11A025EA2896B1FE00715CBB /* Clming */ = {
			isa = PBXGroup;
			children = (
				11A025EB2896B1FE00715CBB /* AppDelegate.swift */,
				11A025ED2896B1FE00715CBB /* SceneDelegate.swift */,
				11A025F12896B1FE00715CBB /* Main.storyboard */,
				115655AA289F390C00AF4F96 /* SelectViewController.swift */,
				11850C8A28C31E4D002DD97D /* Main */,
				11850C8B28C31EC7002DD97D /* MyPage */,
				11850C8928C31E20002DD97D /* Setting */,
				11850C8828C31DDB002DD97D /* Home */,
				11A025F42896B1FF00715CBB /* Assets.xcassets */,
				11A025F62896B1FF00715CBB /* LaunchScreen.storyboard */,
				11A025F92896B1FF00715CBB /* Info.plist */,
				1180A366289F61D100437CDE /* APIConstans.swift */,
				1180A368289F64AE00437CDE /* APIServer.swift */,
			);
			path = Clming;
			sourceTree = "<group>";
		};
/* End PBXGroup section */

/* Begin PBXNativeTarget section */
		11A025E72896B1FE00715CBB /* Clming */ = {
			isa = PBXNativeTarget;
			buildConfigurationList = 11A025FC2896B1FF00715CBB /* Build configuration list for PBXNativeTarget "Clming" */;
			buildPhases = (
				11A025E42896B1FE00715CBB /* Sources */,
				11A025E52896B1FE00715CBB /* Frameworks */,
				11A025E62896B1FE00715CBB /* Resources */,
			);
			buildRules = (
			);
			dependencies = (
			);
			name = Clming;
			productName = Clming;
			productReference = 11A025E82896B1FE00715CBB /* Clming.app */;
			productType = "com.apple.product-type.application";
		};
/* End PBXNativeTarget section */

/* Begin PBXProject section */
		11A025E02896B1FE00715CBB /* Project object */ = {
			isa = PBXProject;
			attributes = {
				BuildIndependentTargetsInParallel = 1;
				LastSwiftUpdateCheck = 1320;
				LastUpgradeCheck = 1320;
				TargetAttributes = {
					11A025E72896B1FE00715CBB = {
						CreatedOnToolsVersion = 13.2.1;
					};
				};
			};
			buildConfigurationList = 11A025E32896B1FE00715CBB /* Build configuration list for PBXProject "Clming" */;
			compatibilityVersion = "Xcode 13.0";
			developmentRegion = en;
			hasScannedForEncodings = 0;
			knownRegions = (
				en,
				Base,
			);
			mainGroup = 11A025DF2896B1FE00715CBB;
			productRefGroup = 11A025E92896B1FE00715CBB /* Products */;
			projectDirPath = "";
			projectRoot = "";
			targets = (
				11A025E72896B1FE00715CBB /* Clming */,
			);
		};
/* End PBXProject section */

/* Begin PBXResourcesBuildPhase section */
		11A025E62896B1FE00715CBB /* Resources */ = {
			isa = PBXResourcesBuildPhase;
			buildActionMask = 2147483647;
			files = (
				11A025F82896B1FF00715CBB /* LaunchScreen.storyboard in Resources */,
				11A025F52896B1FF00715CBB /* Assets.xcassets in Resources */,
				11A025F32896B1FE00715CBB /* Main.storyboard in Resources */,
			);
			runOnlyForDeploymentPostprocessing = 0;
		};
/* End PBXResourcesBuildPhase section */

/* Begin PBXSourcesBuildPhase section */
		11A025E42896B1FE00715CBB /* Sources */ = {
			isa = PBXSourcesBuildPhase;
			buildActionMask = 2147483647;
			files = (
				11A025F02896B1FE00715CBB /* ViewController.swift in Sources */,
				1131169B289E550400FC0DB1 /* MyPageViewController.swift in Sources */,
				1180A367289F61D100437CDE /* APIConstans.swift in Sources */,
				1180A369289F64AE00437CDE /* APIServer.swift in Sources */,
				11A025EC2896B1FE00715CBB /* AppDelegate.swift in Sources */,
				11A025EE2896B1FE00715CBB /* SceneDelegate.swift in Sources */,
				115655AB289F390C00AF4F96 /* SelectViewController.swift in Sources */,
				11311695289D804200FC0DB1 /* SettingViewController.swift in Sources */,
				1131169D289E9C5500FC0DB1 /* ShowIMGViewController.swift in Sources */,
				11311699289E2D6B00FC0DB1 /* MainTableViewCell.swift in Sources */,
			);
			runOnlyForDeploymentPostprocessing = 0;
		};
/* End PBXSourcesBuildPhase section */

/* Begin PBXVariantGroup section */
		11A025F12896B1FE00715CBB /* Main.storyboard */ = {
			isa = PBXVariantGroup;
			children = (
				11A025F22896B1FE00715CBB /* Base */,
			);
			name = Main.storyboard;
			sourceTree = "<group>";
		};
		11A025F62896B1FF00715CBB /* LaunchScreen.storyboard */ = {
			isa = PBXVariantGroup;
			children = (
				11A025F72896B1FF00715CBB /* Base */,
			);
			name = LaunchScreen.storyboard;
			sourceTree = "<group>";
		};
/* End PBXVariantGroup section */

/* Begin XCBuildConfiguration section */
		11A025FA2896B1FF00715CBB /* Debug */ = {
			isa = XCBuildConfiguration;
			buildSettings = {
				ALWAYS_SEARCH_USER_PATHS = NO;
				CLANG_ANALYZER_NONNULL = YES;
				CLANG_ANALYZER_NUMBER_OBJECT_CONVERSION = YES_AGGRESSIVE;
				CLANG_CXX_LANGUAGE_STANDARD = "gnu++17";
				CLANG_CXX_LIBRARY = "libc++";
				CLANG_ENABLE_MODULES = YES;
				CLANG_ENABLE_OBJC_ARC = YES;
				CLANG_ENABLE_OBJC_WEAK = YES;
				CLANG_WARN_BLOCK_CAPTURE_AUTORELEASING = YES;
				CLANG_WARN_BOOL_CONVERSION = YES;
				CLANG_WARN_COMMA = YES;
				CLANG_WARN_CONSTANT_CONVERSION = YES;
				CLANG_WARN_DEPRECATED_OBJC_IMPLEMENTATIONS = YES;
				CLANG_WARN_DIRECT_OBJC_ISA_USAGE = YES_ERROR;
				CLANG_WARN_DOCUMENTATION_COMMENTS = YES;
				CLANG_WARN_EMPTY_BODY = YES;
				CLANG_WARN_ENUM_CONVERSION = YES;
				CLANG_WARN_INFINITE_RECURSION = YES;
				CLANG_WARN_INT_CONVERSION = YES;
				CLANG_WARN_NON_LITERAL_NULL_CONVERSION = YES;
				CLANG_WARN_OBJC_IMPLICIT_RETAIN_SELF = YES;
				CLANG_WARN_OBJC_LITERAL_CONVERSION = YES;
				CLANG_WARN_OBJC_ROOT_CLASS = YES_ERROR;
				CLANG_WARN_QUOTED_INCLUDE_IN_FRAMEWORK_HEADER = YES;
				CLANG_WARN_RANGE_LOOP_ANALYSIS = YES;
				CLANG_WARN_STRICT_PROTOTYPES = YES;
				CLANG_WARN_SUSPICIOUS_MOVE = YES;
				CLANG_WARN_UNGUARDED_AVAILABILITY = YES_AGGRESSIVE;
				CLANG_WARN_UNREACHABLE_CODE = YES;
				CLANG_WARN__DUPLICATE_METHOD_MATCH = YES;
				COPY_PHASE_STRIP = NO;
				DEBUG_INFORMATION_FORMAT = dwarf;
				ENABLE_STRICT_OBJC_MSGSEND = YES;
				ENABLE_TESTABILITY = YES;
				GCC_C_LANGUAGE_STANDARD = gnu11;
				GCC_DYNAMIC_NO_PIC = NO;
				GCC_NO_COMMON_BLOCKS = YES;
				GCC_OPTIMIZATION_LEVEL = 0;
				GCC_PREPROCESSOR_DEFINITIONS = (
					"DEBUG=1",
					"$(inherited)",
				);
				GCC_WARN_64_TO_32_BIT_CONVERSION = YES;
				GCC_WARN_ABOUT_RETURN_TYPE = YES_ERROR;
				GCC_WARN_UNDECLARED_SELECTOR = YES;
				GCC_WARN_UNINITIALIZED_AUTOS = YES_AGGRESSIVE;
				GCC_WARN_UNUSED_FUNCTION = YES;
				GCC_WARN_UNUSED_VARIABLE = YES;
				IPHONEOS_DEPLOYMENT_TARGET = 14.0;
				MTL_ENABLE_DEBUG_INFO = INCLUDE_SOURCE;
				MTL_FAST_MATH = YES;
				ONLY_ACTIVE_ARCH = YES;
				SDKROOT = iphoneos;
				SWIFT_ACTIVE_COMPILATION_CONDITIONS = DEBUG;
				SWIFT_OPTIMIZATION_LEVEL = "-Onone";
			};
			name = Debug;
		};
		11A025FB2896B1FF00715CBB /* Release */ = {
			isa = XCBuildConfiguration;
			buildSettings = {
				ALWAYS_SEARCH_USER_PATHS = NO;
				CLANG_ANALYZER_NONNULL = YES;
				CLANG_ANALYZER_NUMBER_OBJECT_CONVERSION = YES_AGGRESSIVE;
				CLANG_CXX_LANGUAGE_STANDARD = "gnu++17";
				CLANG_CXX_LIBRARY = "libc++";
				CLANG_ENABLE_MODULES = YES;
				CLANG_ENABLE_OBJC_ARC = YES;
				CLANG_ENABLE_OBJC_WEAK = YES;
				CLANG_WARN_BLOCK_CAPTURE_AUTORELEASING = YES;
				CLANG_WARN_BOOL_CONVERSION = YES;
				CLANG_WARN_COMMA = YES;
				CLANG_WARN_CONSTANT_CONVERSION = YES;
				CLANG_WARN_DEPRECATED_OBJC_IMPLEMENTATIONS = YES;
				CLANG_WARN_DIRECT_OBJC_ISA_USAGE = YES_ERROR;
				CLANG_WARN_DOCUMENTATION_COMMENTS = YES;
				CLANG_WARN_EMPTY_BODY = YES;
				CLANG_WARN_ENUM_CONVERSION = YES;
				CLANG_WARN_INFINITE_RECURSION = YES;
				CLANG_WARN_INT_CONVERSION = YES;
				CLANG_WARN_NON_LITERAL_NULL_CONVERSION = YES;
				CLANG_WARN_OBJC_IMPLICIT_RETAIN_SELF = YES;
				CLANG_WARN_OBJC_LITERAL_CONVERSION = YES;
				CLANG_WARN_OBJC_ROOT_CLASS = YES_ERROR;
				CLANG_WARN_QUOTED_INCLUDE_IN_FRAMEWORK_HEADER = YES;
				CLANG_WARN_RANGE_LOOP_ANALYSIS = YES;
				CLANG_WARN_STRICT_PROTOTYPES = YES;
				CLANG_WARN_SUSPICIOUS_MOVE = YES;
				CLANG_WARN_UNGUARDED_AVAILABILITY = YES_AGGRESSIVE;
				CLANG_WARN_UNREACHABLE_CODE = YES;
				CLANG_WARN__DUPLICATE_METHOD_MATCH = YES;
				COPY_PHASE_STRIP = NO;
				DEBUG_INFORMATION_FORMAT = "dwarf-with-dsym";
				ENABLE_NS_ASSERTIONS = NO;
				ENABLE_STRICT_OBJC_MSGSEND = YES;
				GCC_C_LANGUAGE_STANDARD = gnu11;
				GCC_NO_COMMON_BLOCKS = YES;
				GCC_WARN_64_TO_32_BIT_CONVERSION = YES;
				GCC_WARN_ABOUT_RETURN_TYPE = YES_ERROR;
				GCC_WARN_UNDECLARED_SELECTOR = YES;
				GCC_WARN_UNINITIALIZED_AUTOS = YES_AGGRESSIVE;
				GCC_WARN_UNUSED_FUNCTION = YES;
				GCC_WARN_UNUSED_VARIABLE = YES;
				IPHONEOS_DEPLOYMENT_TARGET = 14.0;
				MTL_ENABLE_DEBUG_INFO = NO;
				MTL_FAST_MATH = YES;
				SDKROOT = iphoneos;
				SWIFT_COMPILATION_MODE = wholemodule;
				SWIFT_OPTIMIZATION_LEVEL = "-O";
				VALIDATE_PRODUCT = YES;
			};
			name = Release;
		};
		11A025FD2896B1FF00715CBB /* Debug */ = {
			isa = XCBuildConfiguration;
			buildSettings = {
				ASSETCATALOG_COMPILER_APPICON_NAME = AppIcon;
				ASSETCATALOG_COMPILER_GLOBAL_ACCENT_COLOR_NAME = AccentColor;
				CODE_SIGN_STYLE = Automatic;
				CURRENT_PROJECT_VERSION = 1;
				DEVELOPMENT_TEAM = KB756964R2;
				GENERATE_INFOPLIST_FILE = YES;
				INFOPLIST_FILE = Clming/Info.plist;
				INFOPLIST_KEY_UIApplicationSupportsIndirectInputEvents = YES;
				INFOPLIST_KEY_UILaunchStoryboardName = LaunchScreen;
				INFOPLIST_KEY_UIMainStoryboardFile = Main;
				INFOPLIST_KEY_UISupportedInterfaceOrientations_iPad = "UIInterfaceOrientationPortrait UIInterfaceOrientationPortraitUpsideDown UIInterfaceOrientationLandscapeLeft UIInterfaceOrientationLandscapeRight";
				INFOPLIST_KEY_UISupportedInterfaceOrientations_iPhone = "UIInterfaceOrientationPortrait UIInterfaceOrientationLandscapeLeft UIInterfaceOrientationLandscapeRight";
				LD_RUNPATH_SEARCH_PATHS = (
					"$(inherited)",
					"@executable_path/Frameworks",
				);
				MARKETING_VERSION = 1.0;
				PRODUCT_BUNDLE_IDENTIFIER = LiSeul.Clming;
				PRODUCT_NAME = "$(TARGET_NAME)";
				SWIFT_EMIT_LOC_STRINGS = YES;
				SWIFT_VERSION = 5.0;
				TARGETED_DEVICE_FAMILY = "1,2";
			};
			name = Debug;
		};
		11A025FE2896B1FF00715CBB /* Release */ = {
			isa = XCBuildConfiguration;
			buildSettings = {
				ASSETCATALOG_COMPILER_APPICON_NAME = AppIcon;
				ASSETCATALOG_COMPILER_GLOBAL_ACCENT_COLOR_NAME = AccentColor;
				CODE_SIGN_STYLE = Automatic;
				CURRENT_PROJECT_VERSION = 1;
				DEVELOPMENT_TEAM = KB756964R2;
				GENERATE_INFOPLIST_FILE = YES;
				INFOPLIST_FILE = Clming/Info.plist;
				INFOPLIST_KEY_UIApplicationSupportsIndirectInputEvents = YES;
				INFOPLIST_KEY_UILaunchStoryboardName = LaunchScreen;
				INFOPLIST_KEY_UIMainStoryboardFile = Main;
				INFOPLIST_KEY_UISupportedInterfaceOrientations_iPad = "UIInterfaceOrientationPortrait UIInterfaceOrientationPortraitUpsideDown UIInterfaceOrientationLandscapeLeft UIInterfaceOrientationLandscapeRight";
				INFOPLIST_KEY_UISupportedInterfaceOrientations_iPhone = "UIInterfaceOrientationPortrait UIInterfaceOrientationLandscapeLeft UIInterfaceOrientationLandscapeRight";
				LD_RUNPATH_SEARCH_PATHS = (
					"$(inherited)",
					"@executable_path/Frameworks",
				);
				MARKETING_VERSION = 1.0;
				PRODUCT_BUNDLE_IDENTIFIER = LiSeul.Clming;
				PRODUCT_NAME = "$(TARGET_NAME)";
				SWIFT_EMIT_LOC_STRINGS = YES;
				SWIFT_VERSION = 5.0;
				TARGETED_DEVICE_FAMILY = "1,2";
			};
			name = Release;
		};
/* End XCBuildConfiguration section */

/* Begin XCConfigurationList section */
		11A025E32896B1FE00715CBB /* Build configuration list for PBXProject "Clming" */ = {
			isa = XCConfigurationList;
			buildConfigurations = (
				11A025FA2896B1FF00715CBB /* Debug */,
				11A025FB2896B1FF00715CBB /* Release */,
			);
			defaultConfigurationIsVisible = 0;
			defaultConfigurationName = Release;
		};
		11A025FC2896B1FF00715CBB /* Build configuration list for PBXNativeTarget "Clming" */ = {
			isa = XCConfigurationList;
			buildConfigurations = (
				11A025FD2896B1FF00715CBB /* Debug */,
				11A025FE2896B1FF00715CBB /* Release */,
			);
			defaultConfigurationIsVisible = 0;
			defaultConfigurationName = Release;
		};
/* End XCConfigurationList section */
	};
	rootObject = 11A025E02896B1FE00715CBB /* Project object */;
}
